
Microsoft Visual Studio Solution File, Format Version 12.00
# Visual Studio Version 17
VisualStudioVersion = 17.0.31903.59
MinimumVisualStudioVersion = 10.0.40219.1
Project("{FAE04EC0-301F-11D3-BF4B-00C04F79EFBC}") = "Qubic.Net.Wallet.Mobile", "Qubic.Net.Wallet.Mobile.csproj", "{DC953F84-3CBC-473C-BE03-547FF67366E9}"
EndProject
Project("{2150E333-8FDC-42A3-9474-1A3956D46DE8}") = "deps", "deps", "{7E8B7E1F-DC99-4752-AFC3-BB76662B28FB}"
EndProject
Project("{2150E333-8FDC-42A3-9474-1A3956D46DE8}") = "Qubic.Net", "Qubic.Net", "{A9327601-2834-4DDC-8266-3A926DB8DC22}"
EndProject
Project("{2150E333-8FDC-42A3-9474-1A3956D46DE8}") = "src", "src", "{F8BDAE3F-61AE-4B14-891A-90AF3DFB6F5E}"
EndProject
Project("{FAE04EC0-301F-11D3-BF4B-00C04F79EFBC}") = "Qubic.Services", "deps\Qubic.Net\src\Qubic.Services\Qubic.Services.csproj", "{64469149-F909-4179-B7AF-53A805AFE305}"
EndProject
Project("{FAE04EC0-301F-11D3-BF4B-00C04F79EFBC}") = "Qubic.Core", "deps\Qubic.Net\src\Qubic.Core\Qubic.Core.csproj", "{7A12EE3E-180E-4F04-A75F-27EA68BFEB1E}"
EndProject
Project("{FAE04EC0-301F-11D3-BF4B-00C04F79EFBC}") = "Qubic.Crypto", "deps\Qubic.Net\src\Qubic.Crypto\Qubic.Crypto.csproj", "{FAB616C4-00F0-4206-BC22-F030082A9228}"
EndProject
Project("{FAE04EC0-301F-11D3-BF4B-00C04F79EFBC}") = "Qubic.Serialization", "deps\Qubic.Net\src\Qubic.Serialization\Qubic.Serialization.csproj", "{5AC8D554-0933-43F2-B846-1E23F5669BEB}"
EndProject
Project("{FAE04EC0-301F-11D3-BF4B-00C04F79EFBC}") = "Qubic.Network", "deps\Qubic.Net\src\Qubic.Network\Qubic.Network.csproj", "{248B9522-71D9-4F57-B3AB-DD87A33D69A9}"
EndProject
Project("{FAE04EC0-301F-11D3-BF4B-00C04F79EFBC}") = "Qubic.Rpc", "deps\Qubic.Net\src\Qubic.Rpc\Qubic.Rpc.csproj", "{4C1841AB-C920-49B5-94FF-6FD12E143057}"
EndProject
Project("{FAE04EC0-301F-11D3-BF4B-00C04F79EFBC}") = "Qubic.Bob", "deps\Qubic.Net\src\Qubic.Bob\Qubic.Bob.csproj", "{C6C33AA9-D1BB-487D-9FDD-F9AEC1EEEB5E}"
EndProject
Global
	GlobalSection(SolutionConfigurationPlatforms) = preSolution
		Debug|Any CPU = Debug|Any CPU
		Release|Any CPU = Release|Any CPU
	EndGlobalSection
	GlobalSection(SolutionProperties) = preSolution
		HideSolutionNode = FALSE
	EndGlobalSection
	GlobalSection(ProjectConfigurationPlatforms) = postSolution
		{DC953F84-3CBC-473C-BE03-547FF67366E9}.Debug|Any CPU.ActiveCfg = Debug|Any CPU
		{DC953F84-3CBC-473C-BE03-547FF67366E9}.Debug|Any CPU.Build.0 = Debug|Any CPU
		{DC953F84-3CBC-473C-BE03-547FF67366E9}.Release|Any CPU.ActiveCfg = Release|Any CPU
		{DC953F84-3CBC-473C-BE03-547FF67366E9}.Release|Any CPU.Build.0 = Release|Any CPU
		{64469149-F909-4179-B7AF-53A805AFE305}.Debug|Any CPU.ActiveCfg = Debug|Any CPU
		{64469149-F909-4179-B7AF-53A805AFE305}.Debug|Any CPU.Build.0 = Debug|Any CPU
		{64469149-F909-4179-B7AF-53A805AFE305}.Release|Any CPU.ActiveCfg = Release|Any CPU
		{64469149-F909-4179-B7AF-53A805AFE305}.Release|Any CPU.Build.0 = Release|Any CPU
		{7A12EE3E-180E-4F04-A75F-27EA68BFEB1E}.Debug|Any CPU.ActiveCfg = Debug|Any CPU
		{7A12EE3E-180E-4F04-A75F-27EA68BFEB1E}.Debug|Any CPU.Build.0 = Debug|Any CPU
		{7A12EE3E-180E-4F04-A75F-27EA68BFEB1E}.Release|Any CPU.ActiveCfg = Release|Any CPU
		{7A12EE3E-180E-4F04-A75F-27EA68BFEB1E}.Release|Any CPU.Build.0 = Release|Any CPU
		{FAB616C4-00F0-4206-BC22-F030082A9228}.Debug|Any CPU.ActiveCfg = Debug|Any CPU
		{FAB616C4-00F0-4206-BC22-F030082A9228}.Debug|Any CPU.Build.0 = Debug|Any CPU
		{FAB616C4-00F0-4206-BC22-F030082A9228}.Release|Any CPU.ActiveCfg = Release|Any CPU
		{FAB616C4-00F0-4206-BC22-F030082A9228}.Release|Any CPU.Build.0 = Release|Any CPU
		{5AC8D554-0933-43F2-B846-1E23F5669BEB}.Debug|Any CPU.ActiveCfg = Debug|Any CPU
		{5AC8D554-0933-43F2-B846-1E23F5669BEB}.Debug|Any CPU.Build.0 = Debug|Any CPU
		{5AC8D554-0933-43F2-B846-1E23F5669BEB}.Release|Any CPU.ActiveCfg = Release|Any CPU
		{5AC8D554-0933-43F2-B846-1E23F5669BEB}.Release|Any CPU.Build.0 = Release|Any CPU
		{248B9522-71D9-4F57-B3AB-DD87A33D69A9}.Debug|Any CPU.ActiveCfg = Debug|Any CPU
		{248B9522-71D9-4F57-B3AB-DD87A33D69A9}.Debug|Any CPU.Build.0 = Debug|Any CPU
		{248B9522-71D9-4F57-B3AB-DD87A33D69A9}.Release|Any CPU.ActiveCfg = Release|Any CPU
		{248B9522-71D9-4F57-B3AB-DD87A33D69A9}.Release|Any CPU.Build.0 = Release|Any CPU
		{4C1841AB-C920-49B5-94FF-6FD12E143057}.Debug|Any CPU.ActiveCfg = Debug|Any CPU
		{4C1841AB-C920-49B5-94FF-6FD12E143057}.Debug|Any CPU.Build.0 = Debug|Any CPU
		{4C1841AB-C920-49B5-94FF-6FD12E143057}.Release|Any CPU.ActiveCfg = Release|Any CPU
		{4C1841AB-C920-49B5-94FF-6FD12E143057}.Release|Any CPU.Build.0 = Release|Any CPU
		{C6C33AA9-D1BB-487D-9FDD-F9AEC1EEEB5E}.Debug|Any CPU.ActiveCfg = Debug|Any CPU
		{C6C33AA9-D1BB-487D-9FDD-F9AEC1EEEB5E}.Debug|Any CPU.Build.0 = Debug|Any CPU
		{C6C33AA9-D1BB-487D-9FDD-F9AEC1EEEB5E}.Release|Any CPU.ActiveCfg = Release|Any CPU
		{C6C33AA9-D1BB-487D-9FDD-F9AEC1EEEB5E}.Release|Any CPU.Build.0 = Release|Any CPU
	EndGlobalSection
	GlobalSection(NestedProjects) = preSolution
		{A9327601-2834-4DDC-8266-3A926DB8DC22} = {7E8B7E1F-DC99-4752-AFC3-BB76662B28FB}
		{F8BDAE3F-61AE-4B14-891A-90AF3DFB6F5E} = {A9327601-2834-4DDC-8266-3A926DB8DC22}
		{64469149-F909-4179-B7AF-53A805AFE305} = {F8BDAE3F-61AE-4B14-891A-90AF3DFB6F5E}
		{7A12EE3E-180E-4F04-A75F-27EA68BFEB1E} = {F8BDAE3F-61AE-4B14-891A-90AF3DFB6F5E}
		{FAB616C4-00F0-4206-BC22-F030082A9228} = {F8BDAE3F-61AE-4B14-891A-90AF3DFB6F5E}
		{5AC8D554-0933-43F2-B846-1E23F5669BEB} = {F8BDAE3F-61AE-4B14-891A-90AF3DFB6F5E}
		{248B9522-71D9-4F57-B3AB-DD87A33D69A9} = {F8BDAE3F-61AE-4B14-891A-90AF3DFB6F5E}
		{4C1841AB-C920-49B5-94FF-6FD12E143057} = {F8BDAE3F-61AE-4B14-891A-90AF3DFB6F5E}
		{C6C33AA9-D1BB-487D-9FDD-F9AEC1EEEB5E} = {F8BDAE3F-61AE-4B14-891A-90AF3DFB6F5E}
	EndGlobalSection
EndGlobal
